
Microsoft Visual Studio Solution File, Format Version 12.00
# Visual Studio Version 17
VisualStudioVersion = 17.6.33829.357
MinimumVisualStudioVersion = 10.0.40219.1
Project("{FAE04EC0-301F-11D3-BF4B-00C04F79EFBC}") = "IntermediateLevel", "IntermediateLevel\IntermediateLevel.csproj", "{83B84BB9-DFDD-430F-90D9-A64DC36273CB}"
EndProject
Global
	GlobalSection(SolutionConfigurationPlatforms) = preSolution
		Debug|Any CPU = Debug|Any CPU
		Release|Any CPU = Release|Any CPU
	EndGlobalSection
	GlobalSection(ProjectConfigurationPlatforms) = postSolution
		{83B84BB9-DFDD-430F-90D9-A64DC36273CB}.Debug|Any CPU.ActiveCfg = Debug|Any CPU
		{83B84BB9-DFDD-430F-90D9-A64DC36273CB}.Debug|Any CPU.Build.0 = Debug|Any CPU
		{83B84BB9-DFDD-430F-90D9-A64DC36273CB}.Release|Any CPU.ActiveCfg = Release|Any CPU
		{83B84BB9-DFDD-430F-90D9-A64DC36273CB}.Release|Any CPU.Build.0 = Release|Any CPU
	EndGlobalSection
	GlobalSection(SolutionProperties) = preSolution
		HideSolutionNode = FALSE
	EndGlobalSection
	GlobalSection(ExtensibilityGlobals) = postSolution
		SolutionGuid = {FE5C2D7A-60CD-4223-8AC6-4EA5C80E27EA}
	EndGlobalSection
EndGlobal
